// !$*UTF8*$!
{
	archiveVersion = 1;
	classes = {
	};
	objectVersion = 50;
	objects = {

/* Begin PBXBuildFile section */
		2ABF711422E0461B00579193 /* AppDelegate.m in Sources */ = {isa = PBXBuildFile; fileRef = 2ABF711322E0461B00579193 /* AppDelegate.m */; };
		2ABF711722E0461B00579193 /* ViewController.m in Sources */ = {isa = PBXBuildFile; fileRef = 2ABF711622E0461B00579193 /* ViewController.m */; };
		2ABF711A22E0461B00579193 /* Main.storyboard in Resources */ = {isa = PBXBuildFile; fileRef = 2ABF711822E0461B00579193 /* Main.storyboard */; };
		2ABF711C22E0461C00579193 /* Assets.xcassets in Resources */ = {isa = PBXBuildFile; fileRef = 2ABF711B22E0461C00579193 /* Assets.xcassets */; };
		2ABF711F22E0461C00579193 /* LaunchScreen.storyboard in Resources */ = {isa = PBXBuildFile; fileRef = 2ABF711D22E0461C00579193 /* LaunchScreen.storyboard */; };
		2ABF712222E0461C00579193 /* main.m in Sources */ = {isa = PBXBuildFile; fileRef = 2ABF712122E0461C00579193 /* main.m */; };
		2ABF712A22E046FF00579193 /* AViewController.m in Sources */ = {isa = PBXBuildFile; fileRef = 2ABF712822E046FF00579193 /* AViewController.m */; };
		2ABF715522E0525B00579193 /* Target_A.m in Sources */ = {isa = PBXBuildFile; fileRef = 2ABF715422E0525B00579193 /* Target_A.m */; };
		B222CE5F23AC1E6B01D91DF1 /* libPods-A_section.a in Frameworks */ = {isa = PBXBuildFile; fileRef = 4238A00DD1109701FAE1F894 /* libPods-A_section.a */; };
/* End PBXBuildFile section */

/* Begin PBXFileReference section */
		2ABF710F22E0461B00579193 /* A_section.app */ = {isa = PBXFileReference; explicitFileType = wrapper.application; includeInIndex = 0; path = A_section.app; sourceTree = BUILT_PRODUCTS_DIR; };
		2ABF711222E0461B00579193 /* AppDelegate.h */ = {isa = PBXFileReference; lastKnownFileType = sourcecode.c.h; path = AppDelegate.h; sourceTree = "<group>"; };
		2ABF711322E0461B00579193 /* AppDelegate.m */ = {isa = PBXFileReference; lastKnownFileType = sourcecode.c.objc; path = AppDelegate.m; sourceTree = "<group>"; };
		2ABF711522E0461B00579193 /* ViewController.h */ = {isa = PBXFileReference; lastKnownFileType = sourcecode.c.h; path = ViewController.h; sourceTree = "<group>"; };
		2ABF711622E0461B00579193 /* ViewController.m */ = {isa = PBXFileReference; lastKnownFileType = sourcecode.c.objc; path = ViewController.m; sourceTree = "<group>"; };
		2ABF711922E0461B00579193 /* Base */ = {isa = PBXFileReference; lastKnownFileType = file.storyboard; name = Base; path = Base.lproj/Main.storyboard; sourceTree = "<group>"; };
		2ABF711B22E0461C00579193 /* Assets.xcassets */ = {isa = PBXFileReference; lastKnownFileType = folder.assetcatalog; path = Assets.xcassets; sourceTree = "<group>"; };
		2ABF711E22E0461C00579193 /* Base */ = {isa = PBXFileReference; lastKnownFileType = file.storyboard; name = Base; path = Base.lproj/LaunchScreen.storyboard; sourceTree = "<group>"; };
		2ABF712022E0461C00579193 /* Info.plist */ = {isa = PBXFileReference; lastKnownFileType = text.plist.xml; path = Info.plist; sourceTree = "<group>"; };
		2ABF712122E0461C00579193 /* main.m */ = {isa = PBXFileReference; lastKnownFileType = sourcecode.c.objc; path = main.m; sourceTree = "<group>"; };
		2ABF712822E046FF00579193 /* AViewController.m */ = {isa = PBXFileReference; fileEncoding = 4; lastKnownFileType = sourcecode.c.objc; path = AViewController.m; sourceTree = "<group>"; };
		2ABF712922E046FF00579193 /* AViewController.h */ = {isa = PBXFileReference; fileEncoding = 4; lastKnownFileType = sourcecode.c.h; path = AViewController.h; sourceTree = "<group>"; };
		2ABF715322E0525B00579193 /* Target_A.h */ = {isa = PBXFileReference; lastKnownFileType = sourcecode.c.h; path = Target_A.h; sourceTree = "<group>"; };
		2ABF715422E0525B00579193 /* Target_A.m */ = {isa = PBXFileReference; lastKnownFileType = sourcecode.c.objc; path = Target_A.m; sourceTree = "<group>"; };
		4238A00DD1109701FAE1F894 /* libPods-A_section.a */ = {isa = PBXFileReference; explicitFileType = archive.ar; includeInIndex = 0; path = "libPods-A_section.a"; sourceTree = BUILT_PRODUCTS_DIR; };
		70FF924C4686887585533B15 /* Pods-A_section.release.xcconfig */ = {isa = PBXFileReference; includeInIndex = 1; lastKnownFileType = text.xcconfig; name = "Pods-A_section.release.xcconfig"; path = "Target Support Files/Pods-A_section/Pods-A_section.release.xcconfig"; sourceTree = "<group>"; };
		EC756D81559036F1ED4BC92E /* Pods-A_section.debug.xcconfig */ = {isa = PBXFileReference; includeInIndex = 1; lastKnownFileType = text.xcconfig; name = "Pods-A_section.debug.xcconfig"; path = "Target Support Files/Pods-A_section/Pods-A_section.debug.xcconfig"; sourceTree = "<group>"; };
/* End PBXFileReference section */

/* Begin PBXFrameworksBuildPhase section */
		2ABF710C22E0461B00579193 /* Frameworks */ = {
			isa = PBXFrameworksBuildPhase;
			buildActionMask = 2147483647;
			files = (
				B222CE5F23AC1E6B01D91DF1 /* libPods-A_section.a in Frameworks */,
			);
			runOnlyForDeploymentPostprocessing = 0;
		};
/* End PBXFrameworksBuildPhase section */

/* Begin PBXGroup section */
		10128046A5718FF998248424 /* Frameworks */ = {
			isa = PBXGroup;
			children = (
				4238A00DD1109701FAE1F894 /* libPods-A_section.a */,
			);
			name = Frameworks;
			sourceTree = "<group>";
		};
		1CC091A153EB22C097276BB8 /* Pods */ = {
			isa = PBXGroup;
			children = (
				EC756D81559036F1ED4BC92E /* Pods-A_section.debug.xcconfig */,
				70FF924C4686887585533B15 /* Pods-A_section.release.xcconfig */,
			);
			name = Pods;
			path = Pods;
			sourceTree = "<group>";
		};
		2ABF710622E0461B00579193 = {
			isa = PBXGroup;
			children = (
				2ABF711122E0461B00579193 /* A_section */,
				2ABF711022E0461B00579193 /* Products */,
				1CC091A153EB22C097276BB8 /* Pods */,
				10128046A5718FF998248424 /* Frameworks */,
			);
			sourceTree = "<group>";
		};
		2ABF711022E0461B00579193 /* Products */ = {
			isa = PBXGroup;
			children = (
				2ABF710F22E0461B00579193 /* A_section.app */,
			);
			name = Products;
			sourceTree = "<group>";
		};
		2ABF711122E0461B00579193 /* A_section */ = {
			isa = PBXGroup;
			children = (
				2ABF712B22E0488100579193 /* Classes */,
				2ABF711222E0461B00579193 /* AppDelegate.h */,
				2ABF711322E0461B00579193 /* AppDelegate.m */,
				2ABF711522E0461B00579193 /* ViewController.h */,
				2ABF711622E0461B00579193 /* ViewController.m */,
				2ABF711822E0461B00579193 /* Main.storyboard */,
				2ABF711B22E0461C00579193 /* Assets.xcassets */,
				2ABF711D22E0461C00579193 /* LaunchScreen.storyboard */,
				2ABF712022E0461C00579193 /* Info.plist */,
				2ABF712122E0461C00579193 /* main.m */,
			);
			path = A_section;
			sourceTree = "<group>";
		};
		2ABF712B22E0488100579193 /* Classes */ = {
			isa = PBXGroup;
			children = (
				2ABF715222E0522B00579193 /* Target */,
				2ABF712922E046FF00579193 /* AViewController.h */,
				2ABF712822E046FF00579193 /* AViewController.m */,
			);
			path = Classes;
			sourceTree = "<group>";
		};
		2ABF715222E0522B00579193 /* Target */ = {
			isa = PBXGroup;
			children = (
				2ABF715322E0525B00579193 /* Target_A.h */,
				2ABF715422E0525B00579193 /* Target_A.m */,
			);
			path = Target;
			sourceTree = "<group>";
		};
/* End PBXGroup section */

/* Begin PBXNativeTarget section */
		2ABF710E22E0461B00579193 /* A_section */ = {
			isa = PBXNativeTarget;
			buildConfigurationList = 2ABF712522E0461C00579193 /* Build configuration list for PBXNativeTarget "A_section" */;
			buildPhases = (
				499889E42986B9FF45614A01 /* [CP] Check Pods Manifest.lock */,
				2ABF710B22E0461B00579193 /* Sources */,
				2ABF710C22E0461B00579193 /* Frameworks */,
				2ABF710D22E0461B00579193 /* Resources */,
			);
			buildRules = (
			);
			dependencies = (
			);
			name = A_section;
			productName = A_section;
			productReference = 2ABF710F22E0461B00579193 /* A_section.app */;
			productType = "com.apple.product-type.application";
		};
/* End PBXNativeTarget section */

/* Begin PBXProject section */
		2ABF710722E0461B00579193 /* Project object */ = {
			isa = PBXProject;
			attributes = {
				LastUpgradeCheck = 1020;
				ORGANIZATIONNAME = "上海佰量网络科技";
				TargetAttributes = {
					2ABF710E22E0461B00579193 = {
						CreatedOnToolsVersion = 10.2.1;
					};
				};
			};
			buildConfigurationList = 2ABF710A22E0461B00579193 /* Build configuration list for PBXProject "A_section" */;
			compatibilityVersion = "Xcode 9.3";
			developmentRegion = en;
			hasScannedForEncodings = 0;
			knownRegions = (
				en,
				Base,
			);
			mainGroup = 2ABF710622E0461B00579193;
			productRefGroup = 2ABF711022E0461B00579193 /* Products */;
			projectDirPath = "";
			projectRoot = "";
			targets = (
				2ABF710E22E0461B00579193 /* A_section */,
			);
		};
/* End PBXProject section */

/* Begin PBXResourcesBuildPhase section */
		2ABF710D22E0461B00579193 /* Resources */ = {
			isa = PBXResourcesBuildPhase;
			buildActionMask = 2147483647;
			files = (
				2ABF711F22E0461C00579193 /* LaunchScreen.storyboard in Resources */,
				2ABF711C22E0461C00579193 /* Assets.xcassets in Resources */,
				2ABF711A22E0461B00579193 /* Main.storyboard in Resources */,
			);
			runOnlyForDeploymentPostprocessing = 0;
		};
/* End PBXResourcesBuildPhase section */

/* Begin PBXShellScriptBuildPhase section */
		499889E42986B9FF45614A01 /* [CP] Check Pods Manifest.lock */ = {
			isa = PBXShellScriptBuildPhase;
			buildActionMask = 2147483647;
			files = (
			);
			inputFileListPaths = (
			);
			inputPaths = (
				"${PODS_PODFILE_DIR_PATH}/Podfile.lock",
				"${PODS_ROOT}/Manifest.lock",
			);
			name = "[CP] Check Pods Manifest.lock";
			outputFileListPaths = (
			);
			outputPaths = (
				"$(DERIVED_FILE_DIR)/Pods-A_section-checkManifestLockResult.txt",
			);
			runOnlyForDeploymentPostprocessing = 0;
			shellPath = /bin/sh;
			shellScript = "diff \"${PODS_PODFILE_DIR_PATH}/Podfile.lock\" \"${PODS_ROOT}/Manifest.lock\" > /dev/null\nif [ $? != 0 ] ; then\n    # print error to STDERR\n    echo \"error: The sandbox is not in sync with the Podfile.lock. Run 'pod install' or update your CocoaPods installation.\" >&2\n    exit 1\nfi\n# This output is used by Xcode 'outputs' to avoid re-running this script phase.\necho \"SUCCESS\" > \"${SCRIPT_OUTPUT_FILE_0}\"\n";
			showEnvVarsInLog = 0;
		};
/* End PBXShellScriptBuildPhase section */

/* Begin PBXSourcesBuildPhase section */
		2ABF710B22E0461B00579193 /* Sources */ = {
			isa = PBXSourcesBuildPhase;
			buildActionMask = 2147483647;
			files = (
				2ABF712A22E046FF00579193 /* AViewController.m in Sources */,
				2ABF711722E0461B00579193 /* ViewController.m in Sources */,
				2ABF715522E0525B00579193 /* Target_A.m in Sources */,
				2ABF712222E0461C00579193 /* main.m in Sources */,
				2ABF711422E0461B00579193 /* AppDelegate.m in Sources */,
			);
			runOnlyForDeploymentPostprocessing = 0;
		};
/* End PBXSourcesBuildPhase section */

/* Begin PBXVariantGroup section */
		2ABF711822E0461B00579193 /* Main.storyboard */ = {
			isa = PBXVariantGroup;
			children = (
				2ABF711922E0461B00579193 /* Base */,
			);
			name = Main.storyboard;
			sourceTree = "<group>";
		};
		2ABF711D22E0461C00579193 /* LaunchScreen.storyboard */ = {
			isa = PBXVariantGroup;
			children = (
				2ABF711E22E0461C00579193 /* Base */,
			);
			name = LaunchScreen.storyboard;
			sourceTree = "<group>";
		};
/* End PBXVariantGroup section */

/* Begin XCBuildConfiguration section */
		2ABF712322E0461C00579193 /* Debug */ = {
			isa = XCBuildConfiguration;
			buildSettings = {
				ALWAYS_SEARCH_USER_PATHS = NO;
				CLANG_ANALYZER_NONNULL = YES;
				CLANG_ANALYZER_NUMBER_OBJECT_CONVERSION = YES_AGGRESSIVE;
				CLANG_CXX_LANGUAGE_STANDARD = "gnu++14";
				CLANG_CXX_LIBRARY = "libc++";
				CLANG_ENABLE_MODULES = YES;
				CLANG_ENABLE_OBJC_ARC = YES;
				CLANG_ENABLE_OBJC_WEAK = YES;
				CLANG_WARN_BLOCK_CAPTURE_AUTORELEASING = YES;
				CLANG_WARN_BOOL_CONVERSION = YES;
				CLANG_WARN_COMMA = YES;
				CLANG_WARN_CONSTANT_CONVERSION = YES;
				CLANG_WARN_DEPRECATED_OBJC_IMPLEMENTATIONS = YES;
				CLANG_WARN_DIRECT_OBJC_ISA_USAGE = YES_ERROR;
				CLANG_WARN_DOCUMENTATION_COMMENTS = YES;
				CLANG_WARN_EMPTY_BODY = YES;
				CLANG_WARN_ENUM_CONVERSION = YES;
				CLANG_WARN_INFINITE_RECURSION = YES;
				CLANG_WARN_INT_CONVERSION = YES;
				CLANG_WARN_NON_LITERAL_NULL_CONVERSION = YES;
				CLANG_WARN_OBJC_IMPLICIT_RETAIN_SELF = YES;
				CLANG_WARN_OBJC_LITERAL_CONVERSION = YES;
				CLANG_WARN_OBJC_ROOT_CLASS = YES_ERROR;
				CLANG_WARN_RANGE_LOOP_ANALYSIS = YES;
				CLANG_WARN_STRICT_PROTOTYPES = YES;
				CLANG_WARN_SUSPICIOUS_MOVE = YES;
				CLANG_WARN_UNGUARDED_AVAILABILITY = YES_AGGRESSIVE;
				CLANG_WARN_UNREACHABLE_CODE = YES;
				CLANG_WARN__DUPLICATE_METHOD_MATCH = YES;
				CODE_SIGN_IDENTITY = "iPhone Developer";
				COPY_PHASE_STRIP = NO;
				DEBUG_INFORMATION_FORMAT = dwarf;
				ENABLE_STRICT_OBJC_MSGSEND = YES;
				ENABLE_TESTABILITY = YES;
				GCC_C_LANGUAGE_STANDARD = gnu11;
				GCC_DYNAMIC_NO_PIC = NO;
				GCC_NO_COMMON_BLOCKS = YES;
				GCC_OPTIMIZATION_LEVEL = 0;
				GCC_PREPROCESSOR_DEFINITIONS = (
					"DEBUG=1",
					"$(inherited)",
				);
				GCC_WARN_64_TO_32_BIT_CONVERSION = YES;
				GCC_WARN_ABOUT_RETURN_TYPE = YES_ERROR;
				GCC_WARN_UNDECLARED_SELECTOR = YES;
				GCC_WARN_UNINITIALIZED_AUTOS = YES_AGGRESSIVE;
				GCC_WARN_UNUSED_FUNCTION = YES;
				GCC_WARN_UNUSED_VARIABLE = YES;
				IPHONEOS_DEPLOYMENT_TARGET = 12.2;
				MTL_ENABLE_DEBUG_INFO = INCLUDE_SOURCE;
				MTL_FAST_MATH = YES;
				ONLY_ACTIVE_ARCH = YES;
				SDKROOT = iphoneos;
			};
			name = Debug;
		};
		2ABF712422E0461C00579193 /* Release */ = {
			isa = XCBuildConfiguration;
			buildSettings = {
				ALWAYS_SEARCH_USER_PATHS = NO;
				CLANG_ANALYZER_NONNULL = YES;
				CLANG_ANALYZER_NUMBER_OBJECT_CONVERSION = YES_AGGRESSIVE;
				CLANG_CXX_LANGUAGE_STANDARD = "gnu++14";
				CLANG_CXX_LIBRARY = "libc++";
				CLANG_ENABLE_MODULES = YES;
				CLANG_ENABLE_OBJC_ARC = YES;
				CLANG_ENABLE_OBJC_WEAK = YES;
				CLANG_WARN_BLOCK_CAPTURE_AUTORELEASING = YES;
				CLANG_WARN_BOOL_CONVERSION = YES;
				CLANG_WARN_COMMA = YES;
				CLANG_WARN_CONSTANT_CONVERSION = YES;
				CLANG_WARN_DEPRECATED_OBJC_IMPLEMENTATIONS = YES;
				CLANG_WARN_DIRECT_OBJC_ISA_USAGE = YES_ERROR;
				CLANG_WARN_DOCUMENTATION_COMMENTS = YES;
				CLANG_WARN_EMPTY_BODY = YES;
				CLANG_WARN_ENUM_CONVERSION = YES;
				CLANG_WARN_INFINITE_RECURSION = YES;
				CLANG_WARN_INT_CONVERSION = YES;
				CLANG_WARN_NON_LITERAL_NULL_CONVERSION = YES;
				CLANG_WARN_OBJC_IMPLICIT_RETAIN_SELF = YES;
				CLANG_WARN_OBJC_LITERAL_CONVERSION = YES;
				CLANG_WARN_OBJC_ROOT_CLASS = YES_ERROR;
				CLANG_WARN_RANGE_LOOP_ANALYSIS = YES;
				CLANG_WARN_STRICT_PROTOTYPES = YES;
				CLANG_WARN_SUSPICIOUS_MOVE = YES;
				CLANG_WARN_UNGUARDED_AVAILABILITY = YES_AGGRESSIVE;
				CLANG_WARN_UNREACHABLE_CODE = YES;
				CLANG_WARN__DUPLICATE_METHOD_MATCH = YES;
				CODE_SIGN_IDENTITY = "iPhone Developer";
				COPY_PHASE_STRIP = NO;
				DEBUG_INFORMATION_FORMAT = "dwarf-with-dsym";
				ENABLE_NS_ASSERTIONS = NO;
				ENABLE_STRICT_OBJC_MSGSEND = YES;
				GCC_C_LANGUAGE_STANDARD = gnu11;
				GCC_NO_COMMON_BLOCKS = YES;
				GCC_WARN_64_TO_32_BIT_CONVERSION = YES;
				GCC_WARN_ABOUT_RETURN_TYPE = YES_ERROR;
				GCC_WARN_UNDECLARED_SELECTOR = YES;
				GCC_WARN_UNINITIALIZED_AUTOS = YES_AGGRESSIVE;
				GCC_WARN_UNUSED_FUNCTION = YES;
				GCC_WARN_UNUSED_VARIABLE = YES;
				IPHONEOS_DEPLOYMENT_TARGET = 12.2;
				MTL_ENABLE_DEBUG_INFO = NO;
				MTL_FAST_MATH = YES;
				SDKROOT = iphoneos;
				VALIDATE_PRODUCT = YES;
			};
			name = Release;
		};
		2ABF712622E0461C00579193 /* Debug */ = {
			isa = XCBuildConfiguration;
			baseConfigurationReference = EC756D81559036F1ED4BC92E /* Pods-A_section.debug.xcconfig */;
			buildSettings = {
				ASSETCATALOG_COMPILER_APPICON_NAME = AppIcon;
				CODE_SIGN_STYLE = Automatic;
				DEVELOPMENT_TEAM = PXU4P5494Q;
				INFOPLIST_FILE = A_section/Info.plist;
				LD_RUNPATH_SEARCH_PATHS = (
					"$(inherited)",
					"@executable_path/Frameworks",
				);
				PRODUCT_BUNDLE_IDENTIFIER = "com.bbdtek.A-section";
				PRODUCT_NAME = "$(TARGET_NAME)";
				TARGETED_DEVICE_FAMILY = "1,2";
			};
			name = Debug;
		};
		2ABF712722E0461C00579193 /* Release */ = {
			isa = XCBuildConfiguration;
			baseConfigurationReference = 70FF924C4686887585533B15 /* Pods-A_section.release.xcconfig */;
			buildSettings = {
				ASSETCATALOG_COMPILER_APPICON_NAME = AppIcon;
				CODE_SIGN_STYLE = Automatic;
				DEVELOPMENT_TEAM = PXU4P5494Q;
				INFOPLIST_FILE = A_section/Info.plist;
				LD_RUNPATH_SEARCH_PATHS = (
					"$(inherited)",
					"@executable_path/Frameworks",
				);
				PRODUCT_BUNDLE_IDENTIFIER = "com.bbdtek.A-section";
				PRODUCT_NAME = "$(TARGET_NAME)";
				TARGETED_DEVICE_FAMILY = "1,2";
			};
			name = Release;
		};
/* End XCBuildConfiguration section */

/* Begin XCConfigurationList section */
		2ABF710A22E0461B00579193 /* Build configuration list for PBXProject "A_section" */ = {
			isa = XCConfigurationList;
			buildConfigurations = (
				2ABF712322E0461C00579193 /* Debug */,
				2ABF712422E0461C00579193 /* Release */,
			);
			defaultConfigurationIsVisible = 0;
			defaultConfigurationName = Release;
		};
		2ABF712522E0461C00579193 /* Build configuration list for PBXNativeTarget "A_section" */ = {
			isa = XCConfigurationList;
			buildConfigurations = (
				2ABF712622E0461C00579193 /* Debug */,
				2ABF712722E0461C00579193 /* Release */,
			);
			defaultConfigurationIsVisible = 0;
			defaultConfigurationName = Release;
		};
/* End XCConfigurationList section */
	};
	rootObject = 2ABF710722E0461B00579193 /* Project object */;
}
